// !$*UTF8*$!
{
	archiveVersion = 1;
	classes = {
	};
	objectVersion = 50;
	objects = {

/* Begin PBXBuildFile section */
		401CAA9625A23E0E006E1AD0 /* AppDelegate.swift in Sources */ = {isa = PBXBuildFile; fileRef = 401CAA9525A23E0E006E1AD0 /* AppDelegate.swift */; };
		401CAA9F25A23E10006E1AD0 /* Assets.xcassets in Resources */ = {isa = PBXBuildFile; fileRef = 401CAA9E25A23E10006E1AD0 /* Assets.xcassets */; };
		401CAAA225A23E10006E1AD0 /* LaunchScreen.storyboard in Resources */ = {isa = PBXBuildFile; fileRef = 401CAAA025A23E10006E1AD0 /* LaunchScreen.storyboard */; };
		401CAAAB25A23E51006E1AD0 /* MainPageController.swift in Sources */ = {isa = PBXBuildFile; fileRef = 401CAAAA25A23E51006E1AD0 /* MainPageController.swift */; };
		401CAAAE25A23EE2006E1AD0 /* MainPageController+.swift in Sources */ = {isa = PBXBuildFile; fileRef = 401CAAAD25A23EE2006E1AD0 /* MainPageController+.swift */; };
		401CAAB725A24114006E1AD0 /* MainPageCollectionCell.swift in Sources */ = {isa = PBXBuildFile; fileRef = 401CAAB625A24114006E1AD0 /* MainPageCollectionCell.swift */; };
		401CAAC725A349F6006E1AD0 /* JsonModel.swift in Sources */ = {isa = PBXBuildFile; fileRef = 401CAAC625A349F6006E1AD0 /* JsonModel.swift */; };
		401CAAD125A34AD4006E1AD0 /* Parsing.swift in Sources */ = {isa = PBXBuildFile; fileRef = 401CAAD025A34AD4006E1AD0 /* Parsing.swift */; };
		401CAAE125A34FEB006E1AD0 /* result.json in Resources */ = {isa = PBXBuildFile; fileRef = 401CAAE025A34FEB006E1AD0 /* result.json */; };
		4027E01825B43E8D00C6B25A /* Alert.swift in Sources */ = {isa = PBXBuildFile; fileRef = 4027E01725B43E8D00C6B25A /* Alert.swift */; };
		40E0566925ADCA1000B33E0B /* UIImageView+.swift in Sources */ = {isa = PBXBuildFile; fileRef = 40E0566825ADCA1000B33E0B /* UIImageView+.swift */; };
/* End PBXBuildFile section */

/* Begin PBXFileReference section */
		401CAA9225A23E0D006E1AD0 /* AvitoIntership.app */ = {isa = PBXFileReference; explicitFileType = wrapper.application; includeInIndex = 0; path = AvitoIntership.app; sourceTree = BUILT_PRODUCTS_DIR; };
		401CAA9525A23E0E006E1AD0 /* AppDelegate.swift */ = {isa = PBXFileReference; lastKnownFileType = sourcecode.swift; path = AppDelegate.swift; sourceTree = "<group>"; };
		401CAA9E25A23E10006E1AD0 /* Assets.xcassets */ = {isa = PBXFileReference; lastKnownFileType = folder.assetcatalog; path = Assets.xcassets; sourceTree = "<group>"; };
		401CAAA125A23E10006E1AD0 /* Base */ = {isa = PBXFileReference; lastKnownFileType = file.storyboard; name = Base; path = Base.lproj/LaunchScreen.storyboard; sourceTree = "<group>"; };
		401CAAA325A23E10006E1AD0 /* Info.plist */ = {isa = PBXFileReference; lastKnownFileType = text.plist.xml; path = Info.plist; sourceTree = "<group>"; };
		401CAAAA25A23E51006E1AD0 /* MainPageController.swift */ = {isa = PBXFileReference; lastKnownFileType = sourcecode.swift; path = MainPageController.swift; sourceTree = "<group>"; };
		401CAAAD25A23EE2006E1AD0 /* MainPageController+.swift */ = {isa = PBXFileReference; lastKnownFileType = sourcecode.swift; path = "MainPageController+.swift"; sourceTree = "<group>"; };
		401CAAB625A24114006E1AD0 /* MainPageCollectionCell.swift */ = {isa = PBXFileReference; lastKnownFileType = sourcecode.swift; path = MainPageCollectionCell.swift; sourceTree = "<group>"; };
		401CAAC625A349F6006E1AD0 /* JsonModel.swift */ = {isa = PBXFileReference; lastKnownFileType = sourcecode.swift; path = JsonModel.swift; sourceTree = "<group>"; };
		401CAAD025A34AD4006E1AD0 /* Parsing.swift */ = {isa = PBXFileReference; lastKnownFileType = sourcecode.swift; path = Parsing.swift; sourceTree = "<group>"; };
		401CAAE025A34FEB006E1AD0 /* result.json */ = {isa = PBXFileReference; fileEncoding = 4; lastKnownFileType = text.json; path = result.json; sourceTree = "<group>"; };
		4027E01725B43E8D00C6B25A /* Alert.swift */ = {isa = PBXFileReference; lastKnownFileType = sourcecode.swift; path = Alert.swift; sourceTree = "<group>"; };
		40E0566825ADCA1000B33E0B /* UIImageView+.swift */ = {isa = PBXFileReference; lastKnownFileType = sourcecode.swift; path = "UIImageView+.swift"; sourceTree = "<group>"; };
/* End PBXFileReference section */

/* Begin PBXFrameworksBuildPhase section */
		401CAA8F25A23E0D006E1AD0 /* Frameworks */ = {
			isa = PBXFrameworksBuildPhase;
			buildActionMask = 2147483647;
			files = (
			);
			runOnlyForDeploymentPostprocessing = 0;
		};
/* End PBXFrameworksBuildPhase section */

/* Begin PBXGroup section */
		401CAA8925A23E0D006E1AD0 = {
			isa = PBXGroup;
			children = (
				401CAA9425A23E0D006E1AD0 /* AvitoIntership */,
				401CAA9325A23E0D006E1AD0 /* Products */,
			);
			sourceTree = "<group>";
		};
		401CAA9325A23E0D006E1AD0 /* Products */ = {
			isa = PBXGroup;
			children = (
				401CAA9225A23E0D006E1AD0 /* AvitoIntership.app */,
			);
			name = Products;
			sourceTree = "<group>";
		};
		401CAA9425A23E0D006E1AD0 /* AvitoIntership */ = {
			isa = PBXGroup;
			children = (
				401CAAB925A241C9006E1AD0 /* Application */,
				401CAACA25A34AAC006E1AD0 /* Parsing */,
				4027E01425B43CF200C6B25A /* Model */,
				4027E01525B43CFC00C6B25A /* View */,
				4027E01625B43D0200C6B25A /* Controller */,
				40E0566B25ADCA1A00B33E0B /* Extensions */,
				4027E01025B4233F00C6B25A /* Alert */,
				401CAA9E25A23E10006E1AD0 /* Assets.xcassets */,
			);
			path = AvitoIntership;
			sourceTree = "<group>";
		};
		401CAAB925A241C9006E1AD0 /* Application */ = {
			isa = PBXGroup;
			children = (
				401CAA9525A23E0E006E1AD0 /* AppDelegate.swift */,
				401CAAA025A23E10006E1AD0 /* LaunchScreen.storyboard */,
				401CAAA325A23E10006E1AD0 /* Info.plist */,
			);
			path = Application;
			sourceTree = "<group>";
		};
		401CAACA25A34AAC006E1AD0 /* Parsing */ = {
			isa = PBXGroup;
			children = (
				401CAAE025A34FEB006E1AD0 /* result.json */,
				401CAAD025A34AD4006E1AD0 /* Parsing.swift */,
			);
			path = Parsing;
			sourceTree = "<group>";
		};
		4027E01025B4233F00C6B25A /* Alert */ = {
			isa = PBXGroup;
			children = (
				4027E01725B43E8D00C6B25A /* Alert.swift */,
			);
			path = Alert;
			sourceTree = "<group>";
		};
		4027E01425B43CF200C6B25A /* Model */ = {
			isa = PBXGroup;
			children = (
				401CAAC625A349F6006E1AD0 /* JsonModel.swift */,
			);
			path = Model;
			sourceTree = "<group>";
		};
		4027E01525B43CFC00C6B25A /* View */ = {
			isa = PBXGroup;
			children = (
				401CAAB625A24114006E1AD0 /* MainPageCollectionCell.swift */,
			);
			path = View;
			sourceTree = "<group>";
		};
		4027E01625B43D0200C6B25A /* Controller */ = {
			isa = PBXGroup;
			children = (
				401CAAAA25A23E51006E1AD0 /* MainPageController.swift */,
				401CAAAD25A23EE2006E1AD0 /* MainPageController+.swift */,
			);
			path = Controller;
			sourceTree = "<group>";
		};
		40E0566B25ADCA1A00B33E0B /* Extensions */ = {
			isa = PBXGroup;
			children = (
				40E0566825ADCA1000B33E0B /* UIImageView+.swift */,
			);
			path = Extensions;
			sourceTree = "<group>";
		};
/* End PBXGroup section */

/* Begin PBXNativeTarget section */
		401CAA9125A23E0D006E1AD0 /* AvitoIntership */ = {
			isa = PBXNativeTarget;
			buildConfigurationList = 401CAAA625A23E10006E1AD0 /* Build configuration list for PBXNativeTarget "AvitoIntership" */;
			buildPhases = (
				401CAA8E25A23E0D006E1AD0 /* Sources */,
				401CAA8F25A23E0D006E1AD0 /* Frameworks */,
				401CAA9025A23E0D006E1AD0 /* Resources */,
			);
			buildRules = (
			);
			dependencies = (
			);
			name = AvitoIntership;
			productName = AvitoIntership;
			productReference = 401CAA9225A23E0D006E1AD0 /* AvitoIntership.app */;
			productType = "com.apple.product-type.application";
		};
/* End PBXNativeTarget section */

/* Begin PBXProject section */
		401CAA8A25A23E0D006E1AD0 /* Project object */ = {
			isa = PBXProject;
			attributes = {
				LastSwiftUpdateCheck = 1220;
				LastUpgradeCheck = 1220;
				TargetAttributes = {
					401CAA9125A23E0D006E1AD0 = {
						CreatedOnToolsVersion = 12.2;
					};
				};
			};
			buildConfigurationList = 401CAA8D25A23E0D006E1AD0 /* Build configuration list for PBXProject "AvitoIntership" */;
			compatibilityVersion = "Xcode 9.3";
			developmentRegion = en;
			hasScannedForEncodings = 0;
			knownRegions = (
				en,
				Base,
			);
			mainGroup = 401CAA8925A23E0D006E1AD0;
			productRefGroup = 401CAA9325A23E0D006E1AD0 /* Products */;
			projectDirPath = "";
			projectRoot = "";
			targets = (
				401CAA9125A23E0D006E1AD0 /* AvitoIntership */,
			);
		};
/* End PBXProject section */

/* Begin PBXResourcesBuildPhase section */
		401CAA9025A23E0D006E1AD0 /* Resources */ = {
			isa = PBXResourcesBuildPhase;
			buildActionMask = 2147483647;
			files = (
				401CAAA225A23E10006E1AD0 /* LaunchScreen.storyboard in Resources */,
				401CAAE125A34FEB006E1AD0 /* result.json in Resources */,
				401CAA9F25A23E10006E1AD0 /* Assets.xcassets in Resources */,
			);
			runOnlyForDeploymentPostprocessing = 0;
		};
/* End PBXResourcesBuildPhase section */

/* Begin PBXSourcesBuildPhase section */
		401CAA8E25A23E0D006E1AD0 /* Sources */ = {
			isa = PBXSourcesBuildPhase;
			buildActionMask = 2147483647;
			files = (
				401CAAC725A349F6006E1AD0 /* JsonModel.swift in Sources */,
				40E0566925ADCA1000B33E0B /* UIImageView+.swift in Sources */,
				401CAAB725A24114006E1AD0 /* MainPageCollectionCell.swift in Sources */,
				401CAAAB25A23E51006E1AD0 /* MainPageController.swift in Sources */,
				401CAA9625A23E0E006E1AD0 /* AppDelegate.swift in Sources */,
				401CAAD125A34AD4006E1AD0 /* Parsing.swift in Sources */,
				4027E01825B43E8D00C6B25A /* Alert.swift in Sources */,
				401CAAAE25A23EE2006E1AD0 /* MainPageController+.swift in Sources */,
			);
			runOnlyForDeploymentPostprocessing = 0;
		};
/* End PBXSourcesBuildPhase section */

/* Begin PBXVariantGroup section */
		401CAAA025A23E10006E1AD0 /* LaunchScreen.storyboard */ = {
			isa = PBXVariantGroup;
			children = (
				401CAAA125A23E10006E1AD0 /* Base */,
			);
			name = LaunchScreen.storyboard;
			sourceTree = "<group>";
		};
/* End PBXVariantGroup section */

/* Begin XCBuildConfiguration section */
		401CAAA425A23E10006E1AD0 /* Debug */ = {
			isa = XCBuildConfiguration;
			buildSettings = {
				ALWAYS_SEARCH_USER_PATHS = NO;
				CLANG_ANALYZER_NONNULL = YES;
				CLANG_ANALYZER_NUMBER_OBJECT_CONVERSION = YES_AGGRESSIVE;
				CLANG_CXX_LANGUAGE_STANDARD = "gnu++14";
				CLANG_CXX_LIBRARY = "libc++";
				CLANG_ENABLE_MODULES = YES;
				CLANG_ENABLE_OBJC_ARC = YES;
				CLANG_ENABLE_OBJC_WEAK = YES;
				CLANG_WARN_BLOCK_CAPTURE_AUTORELEASING = YES;
				CLANG_WARN_BOOL_CONVERSION = YES;
				CLANG_WARN_COMMA = YES;
				CLANG_WARN_CONSTANT_CONVERSION = YES;
				CLANG_WARN_DEPRECATED_OBJC_IMPLEMENTATIONS = YES;
				CLANG_WARN_DIRECT_OBJC_ISA_USAGE = YES_ERROR;
				CLANG_WARN_DOCUMENTATION_COMMENTS = YES;
				CLANG_WARN_EMPTY_BODY = YES;
				CLANG_WARN_ENUM_CONVERSION = YES;
				CLANG_WARN_INFINITE_RECURSION = YES;
				CLANG_WARN_INT_CONVERSION = YES;
				CLANG_WARN_NON_LITERAL_NULL_CONVERSION = YES;
				CLANG_WARN_OBJC_IMPLICIT_RETAIN_SELF = YES;
				CLANG_WARN_OBJC_LITERAL_CONVERSION = YES;
				CLANG_WARN_OBJC_ROOT_CLASS = YES_ERROR;
				CLANG_WARN_QUOTED_INCLUDE_IN_FRAMEWORK_HEADER = YES;
				CLANG_WARN_RANGE_LOOP_ANALYSIS = YES;
				CLANG_WARN_STRICT_PROTOTYPES = YES;
				CLANG_WARN_SUSPICIOUS_MOVE = YES;
				CLANG_WARN_UNGUARDED_AVAILABILITY = YES_AGGRESSIVE;
				CLANG_WARN_UNREACHABLE_CODE = YES;
				CLANG_WARN__DUPLICATE_METHOD_MATCH = YES;
				COPY_PHASE_STRIP = NO;
				DEBUG_INFORMATION_FORMAT = dwarf;
				ENABLE_STRICT_OBJC_MSGSEND = YES;
				ENABLE_TESTABILITY = YES;
				GCC_C_LANGUAGE_STANDARD = gnu11;
				GCC_DYNAMIC_NO_PIC = NO;
				GCC_NO_COMMON_BLOCKS = YES;
				GCC_OPTIMIZATION_LEVEL = 0;
				GCC_PREPROCESSOR_DEFINITIONS = (
					"DEBUG=1",
					"$(inherited)",
				);
				GCC_WARN_64_TO_32_BIT_CONVERSION = YES;
				GCC_WARN_ABOUT_RETURN_TYPE = YES_ERROR;
				GCC_WARN_UNDECLARED_SELECTOR = YES;
				GCC_WARN_UNINITIALIZED_AUTOS = YES_AGGRESSIVE;
				GCC_WARN_UNUSED_FUNCTION = YES;
				GCC_WARN_UNUSED_VARIABLE = YES;
				IPHONEOS_DEPLOYMENT_TARGET = 14.2;
				MTL_ENABLE_DEBUG_INFO = INCLUDE_SOURCE;
				MTL_FAST_MATH = YES;
				ONLY_ACTIVE_ARCH = YES;
				SDKROOT = iphoneos;
				SWIFT_ACTIVE_COMPILATION_CONDITIONS = DEBUG;
				SWIFT_OPTIMIZATION_LEVEL = "-Onone";
			};
			name = Debug;
		};
		401CAAA525A23E10006E1AD0 /* Release */ = {
			isa = XCBuildConfiguration;
			buildSettings = {
				ALWAYS_SEARCH_USER_PATHS = NO;
				CLANG_ANALYZER_NONNULL = YES;
				CLANG_ANALYZER_NUMBER_OBJECT_CONVERSION = YES_AGGRESSIVE;
				CLANG_CXX_LANGUAGE_STANDARD = "gnu++14";
				CLANG_CXX_LIBRARY = "libc++";
				CLANG_ENABLE_MODULES = YES;
				CLANG_ENABLE_OBJC_ARC = YES;
				CLANG_ENABLE_OBJC_WEAK = YES;
				CLANG_WARN_BLOCK_CAPTURE_AUTORELEASING = YES;
				CLANG_WARN_BOOL_CONVERSION = YES;
				CLANG_WARN_COMMA = YES;
				CLANG_WARN_CONSTANT_CONVERSION = YES;
				CLANG_WARN_DEPRECATED_OBJC_IMPLEMENTATIONS = YES;
				CLANG_WARN_DIRECT_OBJC_ISA_USAGE = YES_ERROR;
				CLANG_WARN_DOCUMENTATION_COMMENTS = YES;
				CLANG_WARN_EMPTY_BODY = YES;
				CLANG_WARN_ENUM_CONVERSION = YES;
				CLANG_WARN_INFINITE_RECURSION = YES;
				CLANG_WARN_INT_CONVERSION = YES;
				CLANG_WARN_NON_LITERAL_NULL_CONVERSION = YES;
				CLANG_WARN_OBJC_IMPLICIT_RETAIN_SELF = YES;
				CLANG_WARN_OBJC_LITERAL_CONVERSION = YES;
				CLANG_WARN_OBJC_ROOT_CLASS = YES_ERROR;
				CLANG_WARN_QUOTED_INCLUDE_IN_FRAMEWORK_HEADER = YES;
				CLANG_WARN_RANGE_LOOP_ANALYSIS = YES;
				CLANG_WARN_STRICT_PROTOTYPES = YES;
				CLANG_WARN_SUSPICIOUS_MOVE = YES;
				CLANG_WARN_UNGUARDED_AVAILABILITY = YES_AGGRESSIVE;
				CLANG_WARN_UNREACHABLE_CODE = YES;
				CLANG_WARN__DUPLICATE_METHOD_MATCH = YES;
				COPY_PHASE_STRIP = NO;
				DEBUG_INFORMATION_FORMAT = "dwarf-with-dsym";
				ENABLE_NS_ASSERTIONS = NO;
				ENABLE_STRICT_OBJC_MSGSEND = YES;
				GCC_C_LANGUAGE_STANDARD = gnu11;
				GCC_NO_COMMON_BLOCKS = YES;
				GCC_WARN_64_TO_32_BIT_CONVERSION = YES;
				GCC_WARN_ABOUT_RETURN_TYPE = YES_ERROR;
				GCC_WARN_UNDECLARED_SELECTOR = YES;
				GCC_WARN_UNINITIALIZED_AUTOS = YES_AGGRESSIVE;
				GCC_WARN_UNUSED_FUNCTION = YES;
				GCC_WARN_UNUSED_VARIABLE = YES;
				IPHONEOS_DEPLOYMENT_TARGET = 14.2;
				MTL_ENABLE_DEBUG_INFO = NO;
				MTL_FAST_MATH = YES;
				SDKROOT = iphoneos;
				SWIFT_COMPILATION_MODE = wholemodule;
				SWIFT_OPTIMIZATION_LEVEL = "-O";
				VALIDATE_PRODUCT = YES;
			};
			name = Release;
		};
		401CAAA725A23E10006E1AD0 /* Debug */ = {
			isa = XCBuildConfiguration;
			buildSettings = {
				ASSETCATALOG_COMPILER_APPICON_NAME = AppIcon;
				ASSETCATALOG_COMPILER_GLOBAL_ACCENT_COLOR_NAME = AccentColor;
				CODE_SIGN_STYLE = Automatic;
				DEVELOPMENT_TEAM = D988H4JU9C;
				INFOPLIST_FILE = AvitoIntership/Application/Info.plist;
				LD_RUNPATH_SEARCH_PATHS = (
					"$(inherited)",
					"@executable_path/Frameworks",
				);
				PRODUCT_BUNDLE_IDENTIFIER = com.nickoldschoool.AvitoIntership;
				PRODUCT_NAME = "$(TARGET_NAME)";
				SWIFT_VERSION = 5.0;
				TARGETED_DEVICE_FAMILY = "1,2";
			};
			name = Debug;
		};
		401CAAA825A23E10006E1AD0 /* Release */ = {
			isa = XCBuildConfiguration;
			buildSettings = {
				ASSETCATALOG_COMPILER_APPICON_NAME = AppIcon;
				ASSETCATALOG_COMPILER_GLOBAL_ACCENT_COLOR_NAME = AccentColor;
				CODE_SIGN_STYLE = Automatic;
				DEVELOPMENT_TEAM = D988H4JU9C;
				INFOPLIST_FILE = AvitoIntership/Application/Info.plist;
				LD_RUNPATH_SEARCH_PATHS = (
					"$(inherited)",
					"@executable_path/Frameworks",
				);
				PRODUCT_BUNDLE_IDENTIFIER = com.nickoldschoool.AvitoIntership;
				PRODUCT_NAME = "$(TARGET_NAME)";
				SWIFT_VERSION = 5.0;
				TARGETED_DEVICE_FAMILY = "1,2";
			};
			name = Release;
		};
/* End XCBuildConfiguration section */

/* Begin XCConfigurationList section */
		401CAA8D25A23E0D006E1AD0 /* Build configuration list for PBXProject "AvitoIntership" */ = {
			isa = XCConfigurationList;
			buildConfigurations = (
				401CAAA425A23E10006E1AD0 /* Debug */,
				401CAAA525A23E10006E1AD0 /* Release */,
			);
			defaultConfigurationIsVisible = 0;
			defaultConfigurationName = Release;
		};
		401CAAA625A23E10006E1AD0 /* Build configuration list for PBXNativeTarget "AvitoIntership" */ = {
			isa = XCConfigurationList;
			buildConfigurations = (
				401CAAA725A23E10006E1AD0 /* Debug */,
				401CAAA825A23E10006E1AD0 /* Release */,
			);
			defaultConfigurationIsVisible = 0;
			defaultConfigurationName = Release;
		};
/* End XCConfigurationList section */
	};
	rootObject = 401CAA8A25A23E0D006E1AD0 /* Project object */;
}
